
Microsoft Visual Studio Solution File, Format Version 12.00
# Visual Studio Version 16
VisualStudioVersion = 16.0.31729.503
MinimumVisualStudioVersion = 10.0.40219.1
Project("{9A19103F-16F7-4668-BE54-9A1E7A4F7556}") = "Presentacion", "AppFarmacia\Presentacion.csproj", "{40E25A97-8F60-4383-9DF9-B53E2B61FABA}"
EndProject
Project("{9A19103F-16F7-4668-BE54-9A1E7A4F7556}") = "Servicios", "AppFarmacia\Servicios\Servicios.csproj", "{948E7F40-609D-4D98-B465-9EB1DF11EBDF}"
EndProject
Project("{FAE04EC0-301F-11D3-BF4B-00C04F79EFBC}") = "Datos", "AppFarmacia\Datos\Datos.csproj", "{67810658-8C85-44A1-8FDD-A74EC79949F7}"
EndProject
Global
	GlobalSection(SolutionConfigurationPlatforms) = preSolution
		Debug|Any CPU = Debug|Any CPU
		Release|Any CPU = Release|Any CPU
	EndGlobalSection
	GlobalSection(ProjectConfigurationPlatforms) = postSolution
		{40E25A97-8F60-4383-9DF9-B53E2B61FABA}.Debug|Any CPU.ActiveCfg = Debug|Any CPU
		{40E25A97-8F60-4383-9DF9-B53E2B61FABA}.Debug|Any CPU.Build.0 = Debug|Any CPU
		{40E25A97-8F60-4383-9DF9-B53E2B61FABA}.Release|Any CPU.ActiveCfg = Release|Any CPU
		{40E25A97-8F60-4383-9DF9-B53E2B61FABA}.Release|Any CPU.Build.0 = Release|Any CPU
		{948E7F40-609D-4D98-B465-9EB1DF11EBDF}.Debug|Any CPU.ActiveCfg = Debug|Any CPU
		{948E7F40-609D-4D98-B465-9EB1DF11EBDF}.Debug|Any CPU.Build.0 = Debug|Any CPU
		{948E7F40-609D-4D98-B465-9EB1DF11EBDF}.Release|Any CPU.ActiveCfg = Release|Any CPU
		{948E7F40-609D-4D98-B465-9EB1DF11EBDF}.Release|Any CPU.Build.0 = Release|Any CPU
		{67810658-8C85-44A1-8FDD-A74EC79949F7}.Debug|Any CPU.ActiveCfg = Debug|Any CPU
		{67810658-8C85-44A1-8FDD-A74EC79949F7}.Debug|Any CPU.Build.0 = Debug|Any CPU
		{67810658-8C85-44A1-8FDD-A74EC79949F7}.Release|Any CPU.ActiveCfg = Release|Any CPU
		{67810658-8C85-44A1-8FDD-A74EC79949F7}.Release|Any CPU.Build.0 = Release|Any CPU
	EndGlobalSection
	GlobalSection(SolutionProperties) = preSolution
		HideSolutionNode = FALSE
	EndGlobalSection
	GlobalSection(ExtensibilityGlobals) = postSolution
		SolutionGuid = {E5F3746F-6ECA-41F0-A4C5-A333C1A11D15}
	EndGlobalSection
EndGlobal
